{
  "meteor": {},
  "dependencies": {
    "basePackages": {
      "iron-router": {},
      "bootstrap3-less": {},
      "flash-messages": {},
      "collection2": {},
      "autoform": {},
      "roles": {},
      "collection-helpers": {},
      "font-awesome-4-less": {}
    },
    "packages": {
      "iron-router": {
        "git": "https://github.com/EventedMind/iron-router.git",
        "tag": "v0.7.0",
        "commit": "05f34bc48c4cad9fdaa366c1ddcabe6980232ece"
      },
      "bootstrap3-less": {
        "git": "https://github.com/eprochasson/bootstrap3-less",
        "tag": "v0.1.9",
        "commit": "5c812c4d7ce72917a065f0424c3cf54e5ff2d16a"
      },
      "flash-messages": {
        "git": "https://github.com/camilosw/flash-messages.git",
        "tag": "v0.2.3",
        "commit": "fdebd773753682e168af47a1d2ffc1da47e1ce49"
      },
      "collection2": {
        "git": "https://github.com/aldeed/meteor-collection2.git",
        "tag": "v0.3.11",
        "commit": "7e970671305657678e8508d8107d5e6c5e158559"
      },
      "autoform": {
        "git": "https://github.com/aldeed/meteor-autoform.git",
        "tag": "v0.6.1",
        "commit": "5c0f36950c7ca91e91d4917a1b4209495151bf1b"
      },
      "roles": {
        "git": "https://github.com/alanning/meteor-roles.git",
        "tag": "v1.2.8",
        "commit": "68844ba216c348d332bdb840825850f497f515bb"
      },
      "collection-helpers": {
        "git": "https://github.com/dburles/meteor-collection-helpers.git",
        "tag": "v0.2.4",
        "commit": "e10ac53aa03e9656ee8ecaff7b9054dcb3a8a791"
      },
      "font-awesome-4-less": {
        "git": "https://github.com/svub/fontawesome4-less.git",
        "tag": "v4.3.7",
        "commit": "21f60350cd238fb7053132f42409a3090f76939e"
      },
      "blaze-layout": {
        "git": "https://github.com/EventedMind/blaze-layout.git",
        "tag": "v0.2.2",
        "commit": "8bc53798fe5965669ae67c72f91829fcfdceabfd"
      },
      "simple-schema": {
        "git": "https://github.com/aldeed/meteor-simple-schema.git",
        "tag": "v0.2.46",
        "commit": "30b5d3e08433fbbfe49f09845559bf3ca0ab9101"
      },
      "moment": {
        "git": "https://github.com/acreeger/meteor-moment.git",
        "tag": "v2.5.1",
        "commit": "8c9bc5d3fc96705057737cb9743d555417f6e551"
      }
    }
  }
}
